
Microsoft Visual Studio Solution File, Format Version 12.00
# Visual Studio Version 16
VisualStudioVersion = 16.0.31205.134
MinimumVisualStudioVersion = 10.0.40219.1
Project("{FAE04EC0-301F-11D3-BF4B-00C04F79EFBC}") = "StudentPortal", "StudentPortal.csproj", "{84DC2360-2597-482F-BD4C-EB028CDAEE8D}"
EndProject
Global
	GlobalSection(SolutionConfigurationPlatforms) = preSolution
		Debug|Any CPU = Debug|Any CPU
		Release|Any CPU = Release|Any CPU
	EndGlobalSection
	GlobalSection(ProjectConfigurationPlatforms) = postSolution
		{84DC2360-2597-482F-BD4C-EB028CDAEE8D}.Debug|Any CPU.ActiveCfg = Debug|Any CPU
		{84DC2360-2597-482F-BD4C-EB028CDAEE8D}.Debug|Any CPU.Build.0 = Debug|Any CPU
		{84DC2360-2597-482F-BD4C-EB028CDAEE8D}.Release|Any CPU.ActiveCfg = Release|Any CPU
		{84DC2360-2597-482F-BD4C-EB028CDAEE8D}.Release|Any CPU.Build.0 = Release|Any CPU
	EndGlobalSection
	GlobalSection(SolutionProperties) = preSolution
		HideSolutionNode = FALSE
	EndGlobalSection
	GlobalSection(ExtensibilityGlobals) = postSolution
		SolutionGuid = {4D569CE1-EDA0-4864-AEB7-E1A59410833F}
	EndGlobalSection
EndGlobal
